// !$*UTF8*$!
{
	archiveVersion = 1;
	classes = {
	};
	objectVersion = 46;
	objects = {

/* Begin PBXBuildFile section */
		91628CFB1EA7380A00881F4B /* AppDelegate.swift in Sources */ = {isa = PBXBuildFile; fileRef = 91628CFA1EA7380A00881F4B /* AppDelegate.swift */; };
		91628CFD1EA7380A00881F4B /* ViewController.swift in Sources */ = {isa = PBXBuildFile; fileRef = 91628CFC1EA7380A00881F4B /* ViewController.swift */; };
		91628D001EA7380A00881F4B /* Main.storyboard in Resources */ = {isa = PBXBuildFile; fileRef = 91628CFE1EA7380A00881F4B /* Main.storyboard */; };
		91628D021EA7380A00881F4B /* Assets.xcassets in Resources */ = {isa = PBXBuildFile; fileRef = 91628D011EA7380A00881F4B /* Assets.xcassets */; };
		91628D051EA7380A00881F4B /* LaunchScreen.storyboard in Resources */ = {isa = PBXBuildFile; fileRef = 91628D031EA7380A00881F4B /* LaunchScreen.storyboard */; };
		91628D101EA7380A00881F4B /* Apple_AppTests.swift in Sources */ = {isa = PBXBuildFile; fileRef = 91628D0F1EA7380A00881F4B /* Apple_AppTests.swift */; };
		91628D1B1EA7380A00881F4B /* Apple_AppUITests.swift in Sources */ = {isa = PBXBuildFile; fileRef = 91628D1A1EA7380A00881F4B /* Apple_AppUITests.swift */; };
/* End PBXBuildFile section */

/* Begin PBXContainerItemProxy section */
		91628D0C1EA7380A00881F4B /* PBXContainerItemProxy */ = {
			isa = PBXContainerItemProxy;
			containerPortal = 91628CEF1EA7380A00881F4B /* Project object */;
			proxyType = 1;
			remoteGlobalIDString = 91628CF61EA7380A00881F4B;
			remoteInfo = "Apple App";
		};
		91628D171EA7380A00881F4B /* PBXContainerItemProxy */ = {
			isa = PBXContainerItemProxy;
			containerPortal = 91628CEF1EA7380A00881F4B /* Project object */;
			proxyType = 1;
			remoteGlobalIDString = 91628CF61EA7380A00881F4B;
			remoteInfo = "Apple App";
		};
/* End PBXContainerItemProxy section */

/* Begin PBXFileReference section */
		91628CF71EA7380A00881F4B /* Apple App.app */ = {isa = PBXFileReference; explicitFileType = wrapper.application; includeInIndex = 0; path = "Apple App.app"; sourceTree = BUILT_PRODUCTS_DIR; };
		91628CFA1EA7380A00881F4B /* AppDelegate.swift */ = {isa = PBXFileReference; lastKnownFileType = sourcecode.swift; path = AppDelegate.swift; sourceTree = "<group>"; };
		91628CFC1EA7380A00881F4B /* ViewController.swift */ = {isa = PBXFileReference; lastKnownFileType = sourcecode.swift; path = ViewController.swift; sourceTree = "<group>"; };
		91628CFF1EA7380A00881F4B /* Base */ = {isa = PBXFileReference; lastKnownFileType = file.storyboard; name = Base; path = Base.lproj/Main.storyboard; sourceTree = "<group>"; };
		91628D011EA7380A00881F4B /* Assets.xcassets */ = {isa = PBXFileReference; lastKnownFileType = folder.assetcatalog; path = Assets.xcassets; sourceTree = "<group>"; };
		91628D041EA7380A00881F4B /* Base */ = {isa = PBXFileReference; lastKnownFileType = file.storyboard; name = Base; path = Base.lproj/LaunchScreen.storyboard; sourceTree = "<group>"; };
		91628D061EA7380A00881F4B /* Info.plist */ = {isa = PBXFileReference; lastKnownFileType = text.plist.xml; path = Info.plist; sourceTree = "<group>"; };
		91628D0B1EA7380A00881F4B /* Apple AppTests.xctest */ = {isa = PBXFileReference; explicitFileType = wrapper.cfbundle; includeInIndex = 0; path = "Apple AppTests.xctest"; sourceTree = BUILT_PRODUCTS_DIR; };
		91628D0F1EA7380A00881F4B /* Apple_AppTests.swift */ = {isa = PBXFileReference; lastKnownFileType = sourcecode.swift; path = Apple_AppTests.swift; sourceTree = "<group>"; };
		91628D111EA7380A00881F4B /* Info.plist */ = {isa = PBXFileReference; lastKnownFileType = text.plist.xml; path = Info.plist; sourceTree = "<group>"; };
		91628D161EA7380A00881F4B /* Apple AppUITests.xctest */ = {isa = PBXFileReference; explicitFileType = wrapper.cfbundle; includeInIndex = 0; path = "Apple AppUITests.xctest"; sourceTree = BUILT_PRODUCTS_DIR; };
		91628D1A1EA7380A00881F4B /* Apple_AppUITests.swift */ = {isa = PBXFileReference; lastKnownFileType = sourcecode.swift; path = Apple_AppUITests.swift; sourceTree = "<group>"; };
		91628D1C1EA7380A00881F4B /* Info.plist */ = {isa = PBXFileReference; lastKnownFileType = text.plist.xml; path = Info.plist; sourceTree = "<group>"; };
/* End PBXFileReference section */

/* Begin PBXFrameworksBuildPhase section */
		91628CF41EA7380A00881F4B /* Frameworks */ = {
			isa = PBXFrameworksBuildPhase;
			buildActionMask = 2147483647;
			files = (
			);
			runOnlyForDeploymentPostprocessing = 0;
		};
		91628D081EA7380A00881F4B /* Frameworks */ = {
			isa = PBXFrameworksBuildPhase;
			buildActionMask = 2147483647;
			files = (
			);
			runOnlyForDeploymentPostprocessing = 0;
		};
		91628D131EA7380A00881F4B /* Frameworks */ = {
			isa = PBXFrameworksBuildPhase;
			buildActionMask = 2147483647;
			files = (
			);
			runOnlyForDeploymentPostprocessing = 0;
		};
/* End PBXFrameworksBuildPhase section */

/* Begin PBXGroup section */
		91628CEE1EA7380A00881F4B = {
			isa = PBXGroup;
			children = (
				91628CF91EA7380A00881F4B /* Apple App */,
				91628D0E1EA7380A00881F4B /* Apple AppTests */,
				91628D191EA7380A00881F4B /* Apple AppUITests */,
				91628CF81EA7380A00881F4B /* Products */,
			);
			sourceTree = "<group>";
		};
		91628CF81EA7380A00881F4B /* Products */ = {
			isa = PBXGroup;
			children = (
				91628CF71EA7380A00881F4B /* Apple App.app */,
				91628D0B1EA7380A00881F4B /* Apple AppTests.xctest */,
				91628D161EA7380A00881F4B /* Apple AppUITests.xctest */,
			);
			name = Products;
			sourceTree = "<group>";
		};
		91628CF91EA7380A00881F4B /* Apple App */ = {
			isa = PBXGroup;
			children = (
				91628CFA1EA7380A00881F4B /* AppDelegate.swift */,
				91628CFC1EA7380A00881F4B /* ViewController.swift */,
				91628CFE1EA7380A00881F4B /* Main.storyboard */,
				91628D011EA7380A00881F4B /* Assets.xcassets */,
				91628D031EA7380A00881F4B /* LaunchScreen.storyboard */,
				91628D061EA7380A00881F4B /* Info.plist */,
			);
			path = "Apple App";
			sourceTree = "<group>";
		};
		91628D0E1EA7380A00881F4B /* Apple AppTests */ = {
			isa = PBXGroup;
			children = (
				91628D0F1EA7380A00881F4B /* Apple_AppTests.swift */,
				91628D111EA7380A00881F4B /* Info.plist */,
			);
			path = "Apple AppTests";
			sourceTree = "<group>";
		};
		91628D191EA7380A00881F4B /* Apple AppUITests */ = {
			isa = PBXGroup;
			children = (
				91628D1A1EA7380A00881F4B /* Apple_AppUITests.swift */,
				91628D1C1EA7380A00881F4B /* Info.plist */,
			);
			path = "Apple AppUITests";
			sourceTree = "<group>";
		};
/* End PBXGroup section */

/* Begin PBXNativeTarget section */
		91628CF61EA7380A00881F4B /* Apple App */ = {
			isa = PBXNativeTarget;
			buildConfigurationList = 91628D1F1EA7380A00881F4B /* Build configuration list for PBXNativeTarget "Apple App" */;
			buildPhases = (
				91628CF31EA7380A00881F4B /* Sources */,
				91628CF41EA7380A00881F4B /* Frameworks */,
				91628CF51EA7380A00881F4B /* Resources */,
			);
			buildRules = (
			);
			dependencies = (
			);
			name = "Apple App";
			productName = "Apple App";
			productReference = 91628CF71EA7380A00881F4B /* Apple App.app */;
			productType = "com.apple.product-type.application";
		};
		91628D0A1EA7380A00881F4B /* Apple AppTests */ = {
			isa = PBXNativeTarget;
			buildConfigurationList = 91628D221EA7380A00881F4B /* Build configuration list for PBXNativeTarget "Apple AppTests" */;
			buildPhases = (
				91628D071EA7380A00881F4B /* Sources */,
				91628D081EA7380A00881F4B /* Frameworks */,
				91628D091EA7380A00881F4B /* Resources */,
			);
			buildRules = (
			);
			dependencies = (
				91628D0D1EA7380A00881F4B /* PBXTargetDependency */,
			);
			name = "Apple AppTests";
			productName = "Apple AppTests";
			productReference = 91628D0B1EA7380A00881F4B /* Apple AppTests.xctest */;
			productType = "com.apple.product-type.bundle.unit-test";
		};
		91628D151EA7380A00881F4B /* Apple AppUITests */ = {
			isa = PBXNativeTarget;
			buildConfigurationList = 91628D251EA7380A00881F4B /* Build configuration list for PBXNativeTarget "Apple AppUITests" */;
			buildPhases = (
				91628D121EA7380A00881F4B /* Sources */,
				91628D131EA7380A00881F4B /* Frameworks */,
				91628D141EA7380A00881F4B /* Resources */,
			);
			buildRules = (
			);
			dependencies = (
				91628D181EA7380A00881F4B /* PBXTargetDependency */,
			);
			name = "Apple AppUITests";
			productName = "Apple AppUITests";
			productReference = 91628D161EA7380A00881F4B /* Apple AppUITests.xctest */;
			productType = "com.apple.product-type.bundle.ui-testing";
		};
/* End PBXNativeTarget section */

/* Begin PBXProject section */
		91628CEF1EA7380A00881F4B /* Project object */ = {
			isa = PBXProject;
			attributes = {
				LastSwiftUpdateCheck = 0830;
				LastUpgradeCheck = 0830;
				ORGANIZATIONNAME = cntt26;
				TargetAttributes = {
					91628CF61EA7380A00881F4B = {
						CreatedOnToolsVersion = 8.3;
						DevelopmentTeam = D9L6JVDPWS;
						ProvisioningStyle = Automatic;
					};
					91628D0A1EA7380A00881F4B = {
						CreatedOnToolsVersion = 8.3;
						DevelopmentTeam = D9L6JVDPWS;
						ProvisioningStyle = Automatic;
						TestTargetID = 91628CF61EA7380A00881F4B;
					};
					91628D151EA7380A00881F4B = {
						CreatedOnToolsVersion = 8.3;
						DevelopmentTeam = D9L6JVDPWS;
						ProvisioningStyle = Automatic;
						TestTargetID = 91628CF61EA7380A00881F4B;
					};
				};
			};
			buildConfigurationList = 91628CF21EA7380A00881F4B /* Build configuration list for PBXProject "Apple App" */;
			compatibilityVersion = "Xcode 3.2";
			developmentRegion = English;
			hasScannedForEncodings = 0;
			knownRegions = (
				en,
				Base,
			);
			mainGroup = 91628CEE1EA7380A00881F4B;
			productRefGroup = 91628CF81EA7380A00881F4B /* Products */;
			projectDirPath = "";
			projectRoot = "";
			targets = (
				91628CF61EA7380A00881F4B /* Apple App */,
				91628D0A1EA7380A00881F4B /* Apple AppTests */,
				91628D151EA7380A00881F4B /* Apple AppUITests */,
			);
		};
/* End PBXProject section */

/* Begin PBXResourcesBuildPhase section */
		91628CF51EA7380A00881F4B /* Resources */ = {
			isa = PBXResourcesBuildPhase;
			buildActionMask = 2147483647;
			files = (
				91628D051EA7380A00881F4B /* LaunchScreen.storyboard in Resources */,
				91628D021EA7380A00881F4B /* Assets.xcassets in Resources */,
				91628D001EA7380A00881F4B /* Main.storyboard in Resources */,
			);
			runOnlyForDeploymentPostprocessing = 0;
		};
		91628D091EA7380A00881F4B /* Resources */ = {
			isa = PBXResourcesBuildPhase;
			buildActionMask = 2147483647;
			files = (
			);
			runOnlyForDeploymentPostprocessing = 0;
		};
		91628D141EA7380A00881F4B /* Resources */ = {
			isa = PBXResourcesBuildPhase;
			buildActionMask = 2147483647;
			files = (
			);
			runOnlyForDeploymentPostprocessing = 0;
		};
/* End PBXResourcesBuildPhase section */

/* Begin PBXSourcesBuildPhase section */
		91628CF31EA7380A00881F4B /* Sources */ = {
			isa = PBXSourcesBuildPhase;
			buildActionMask = 2147483647;
			files = (
				91628CFD1EA7380A00881F4B /* ViewController.swift in Sources */,
				91628CFB1EA7380A00881F4B /* AppDelegate.swift in Sources */,
			);
			runOnlyForDeploymentPostprocessing = 0;
		};
		91628D071EA7380A00881F4B /* Sources */ = {
			isa = PBXSourcesBuildPhase;
			buildActionMask = 2147483647;
			files = (
				91628D101EA7380A00881F4B /* Apple_AppTests.swift in Sources */,
			);
			runOnlyForDeploymentPostprocessing = 0;
		};
		91628D121EA7380A00881F4B /* Sources */ = {
			isa = PBXSourcesBuildPhase;
			buildActionMask = 2147483647;
			files = (
				91628D1B1EA7380A00881F4B /* Apple_AppUITests.swift in Sources */,
			);
			runOnlyForDeploymentPostprocessing = 0;
		};
/* End PBXSourcesBuildPhase section */

/* Begin PBXTargetDependency section */
		91628D0D1EA7380A00881F4B /* PBXTargetDependency */ = {
			isa = PBXTargetDependency;
			target = 91628CF61EA7380A00881F4B /* Apple App */;
			targetProxy = 91628D0C1EA7380A00881F4B /* PBXContainerItemProxy */;
		};
		91628D181EA7380A00881F4B /* PBXTargetDependency */ = {
			isa = PBXTargetDependency;
			target = 91628CF61EA7380A00881F4B /* Apple App */;
			targetProxy = 91628D171EA7380A00881F4B /* PBXContainerItemProxy */;
		};
/* End PBXTargetDependency section */

/* Begin PBXVariantGroup section */
		91628CFE1EA7380A00881F4B /* Main.storyboard */ = {
			isa = PBXVariantGroup;
			children = (
				91628CFF1EA7380A00881F4B /* Base */,
			);
			name = Main.storyboard;
			sourceTree = "<group>";
		};
		91628D031EA7380A00881F4B /* LaunchScreen.storyboard */ = {
			isa = PBXVariantGroup;
			children = (
				91628D041EA7380A00881F4B /* Base */,
			);
			name = LaunchScreen.storyboard;
			sourceTree = "<group>";
		};
/* End PBXVariantGroup section */

/* Begin XCBuildConfiguration section */
		91628D1D1EA7380A00881F4B /* Debug */ = {
			isa = XCBuildConfiguration;
			buildSettings = {
				ALWAYS_SEARCH_USER_PATHS = NO;
				CLANG_ANALYZER_NONNULL = YES;
				CLANG_ANALYZER_NUMBER_OBJECT_CONVERSION = YES_AGGRESSIVE;
				CLANG_CXX_LANGUAGE_STANDARD = "gnu++0x";
				CLANG_CXX_LIBRARY = "libc++";
				CLANG_ENABLE_MODULES = YES;
				CLANG_ENABLE_OBJC_ARC = YES;
				CLANG_WARN_BOOL_CONVERSION = YES;
				CLANG_WARN_CONSTANT_CONVERSION = YES;
				CLANG_WARN_DIRECT_OBJC_ISA_USAGE = YES_ERROR;
				CLANG_WARN_DOCUMENTATION_COMMENTS = YES;
				CLANG_WARN_EMPTY_BODY = YES;
				CLANG_WARN_ENUM_CONVERSION = YES;
				CLANG_WARN_INFINITE_RECURSION = YES;
				CLANG_WARN_INT_CONVERSION = YES;
				CLANG_WARN_OBJC_ROOT_CLASS = YES_ERROR;
				CLANG_WARN_SUSPICIOUS_MOVE = YES;
				CLANG_WARN_UNREACHABLE_CODE = YES;
				CLANG_WARN__DUPLICATE_METHOD_MATCH = YES;
				"CODE_SIGN_IDENTITY[sdk=iphoneos*]" = "iPhone Developer";
				COPY_PHASE_STRIP = NO;
				DEBUG_INFORMATION_FORMAT = dwarf;
				ENABLE_STRICT_OBJC_MSGSEND = YES;
				ENABLE_TESTABILITY = YES;
				GCC_C_LANGUAGE_STANDARD = gnu99;
				GCC_DYNAMIC_NO_PIC = NO;
				GCC_NO_COMMON_BLOCKS = YES;
				GCC_OPTIMIZATION_LEVEL = 0;
				GCC_PREPROCESSOR_DEFINITIONS = (
					"DEBUG=1",
					"$(inherited)",
				);
				GCC_WARN_64_TO_32_BIT_CONVERSION = YES;
				GCC_WARN_ABOUT_RETURN_TYPE = YES_ERROR;
				GCC_WARN_UNDECLARED_SELECTOR = YES;
				GCC_WARN_UNINITIALIZED_AUTOS = YES_AGGRESSIVE;
				GCC_WARN_UNUSED_FUNCTION = YES;
				GCC_WARN_UNUSED_VARIABLE = YES;
				IPHONEOS_DEPLOYMENT_TARGET = 10.3;
				MTL_ENABLE_DEBUG_INFO = YES;
				ONLY_ACTIVE_ARCH = YES;
				SDKROOT = iphoneos;
				SWIFT_ACTIVE_COMPILATION_CONDITIONS = DEBUG;
				SWIFT_OPTIMIZATION_LEVEL = "-Onone";
				TARGETED_DEVICE_FAMILY = "1,2";
			};
			name = Debug;
		};
		91628D1E1EA7380A00881F4B /* Release */ = {
			isa = XCBuildConfiguration;
			buildSettings = {
				ALWAYS_SEARCH_USER_PATHS = NO;
				CLANG_ANALYZER_NONNULL = YES;
				CLANG_ANALYZER_NUMBER_OBJECT_CONVERSION = YES_AGGRESSIVE;
				CLANG_CXX_LANGUAGE_STANDARD = "gnu++0x";
				CLANG_CXX_LIBRARY = "libc++";
				CLANG_ENABLE_MODULES = YES;
				CLANG_ENABLE_OBJC_ARC = YES;
				CLANG_WARN_BOOL_CONVERSION = YES;
				CLANG_WARN_CONSTANT_CONVERSION = YES;
				CLANG_WARN_DIRECT_OBJC_ISA_USAGE = YES_ERROR;
				CLANG_WARN_DOCUMENTATION_COMMENTS = YES;
				CLANG_WARN_EMPTY_BODY = YES;
				CLANG_WARN_ENUM_CONVERSION = YES;
				CLANG_WARN_INFINITE_RECURSION = YES;
				CLANG_WARN_INT_CONVERSION = YES;
				CLANG_WARN_OBJC_ROOT_CLASS = YES_ERROR;
				CLANG_WARN_SUSPICIOUS_MOVE = YES;
				CLANG_WARN_UNREACHABLE_CODE = YES;
				CLANG_WARN__DUPLICATE_METHOD_MATCH = YES;
				"CODE_SIGN_IDENTITY[sdk=iphoneos*]" = "iPhone Developer";
				COPY_PHASE_STRIP = NO;
				DEBUG_INFORMATION_FORMAT = "dwarf-with-dsym";
				ENABLE_NS_ASSERTIONS = NO;
				ENABLE_STRICT_OBJC_MSGSEND = YES;
				GCC_C_LANGUAGE_STANDARD = gnu99;
				GCC_NO_COMMON_BLOCKS = YES;
				GCC_WARN_64_TO_32_BIT_CONVERSION = YES;
				GCC_WARN_ABOUT_RETURN_TYPE = YES_ERROR;
				GCC_WARN_UNDECLARED_SELECTOR = YES;
				GCC_WARN_UNINITIALIZED_AUTOS = YES_AGGRESSIVE;
				GCC_WARN_UNUSED_FUNCTION = YES;
				GCC_WARN_UNUSED_VARIABLE = YES;
				IPHONEOS_DEPLOYMENT_TARGET = 10.3;
				MTL_ENABLE_DEBUG_INFO = NO;
				SDKROOT = iphoneos;
				SWIFT_OPTIMIZATION_LEVEL = "-Owholemodule";
				TARGETED_DEVICE_FAMILY = "1,2";
				VALIDATE_PRODUCT = YES;
			};
			name = Release;
		};
		91628D201EA7380A00881F4B /* Debug */ = {
			isa = XCBuildConfiguration;
			buildSettings = {
				ASSETCATALOG_COMPILER_APPICON_NAME = AppIcon;
				DEVELOPMENT_TEAM = D9L6JVDPWS;
				INFOPLIST_FILE = "Apple App/Info.plist";
				LD_RUNPATH_SEARCH_PATHS = "$(inherited) @executable_path/Frameworks";
				PRODUCT_BUNDLE_IDENTIFIER = "xuanbac.Apple-App";
				PRODUCT_NAME = "$(TARGET_NAME)";
				SWIFT_VERSION = 3.0;
			};
			name = Debug;
		};
		91628D211EA7380A00881F4B /* Release */ = {
			isa = XCBuildConfiguration;
			buildSettings = {
				ASSETCATALOG_COMPILER_APPICON_NAME = AppIcon;
				DEVELOPMENT_TEAM = D9L6JVDPWS;
				INFOPLIST_FILE = "Apple App/Info.plist";
				LD_RUNPATH_SEARCH_PATHS = "$(inherited) @executable_path/Frameworks";
				PRODUCT_BUNDLE_IDENTIFIER = "xuanbac.Apple-App";
				PRODUCT_NAME = "$(TARGET_NAME)";
				SWIFT_VERSION = 3.0;
			};
			name = Release;
		};
		91628D231EA7380A00881F4B /* Debug */ = {
			isa = XCBuildConfiguration;
			buildSettings = {
				ALWAYS_EMBED_SWIFT_STANDARD_LIBRARIES = YES;
				BUNDLE_LOADER = "$(TEST_HOST)";
				DEVELOPMENT_TEAM = D9L6JVDPWS;
				INFOPLIST_FILE = "Apple AppTests/Info.plist";
				LD_RUNPATH_SEARCH_PATHS = "$(inherited) @executable_path/Frameworks @loader_path/Frameworks";
				PRODUCT_BUNDLE_IDENTIFIER = "xuanbac.Apple-AppTests";
				PRODUCT_NAME = "$(TARGET_NAME)";
				SWIFT_VERSION = 3.0;
				TEST_HOST = "$(BUILT_PRODUCTS_DIR)/Apple App.app/Apple App";
			};
			name = Debug;
		};
		91628D241EA7380A00881F4B /* Release */ = {
			isa = XCBuildConfiguration;
			buildSettings = {
				ALWAYS_EMBED_SWIFT_STANDARD_LIBRARIES = YES;
				BUNDLE_LOADER = "$(TEST_HOST)";
				DEVELOPMENT_TEAM = D9L6JVDPWS;
				INFOPLIST_FILE = "Apple AppTests/Info.plist";
				LD_RUNPATH_SEARCH_PATHS = "$(inherited) @executable_path/Frameworks @loader_path/Frameworks";
				PRODUCT_BUNDLE_IDENTIFIER = "xuanbac.Apple-AppTests";
				PRODUCT_NAME = "$(TARGET_NAME)";
				SWIFT_VERSION = 3.0;
				TEST_HOST = "$(BUILT_PRODUCTS_DIR)/Apple App.app/Apple App";
			};
			name = Release;
		};
		91628D261EA7380A00881F4B /* Debug */ = {
			isa = XCBuildConfiguration;
			buildSettings = {
				ALWAYS_EMBED_SWIFT_STANDARD_LIBRARIES = YES;
				DEVELOPMENT_TEAM = D9L6JVDPWS;
				INFOPLIST_FILE = "Apple AppUITests/Info.plist";
				LD_RUNPATH_SEARCH_PATHS = "$(inherited) @executable_path/Frameworks @loader_path/Frameworks";
				PRODUCT_BUNDLE_IDENTIFIER = "xuanbac.Apple-AppUITests";
				PRODUCT_NAME = "$(TARGET_NAME)";
				SWIFT_VERSION = 3.0;
				TEST_TARGET_NAME = "Apple App";
			};
			name = Debug;
		};
		91628D271EA7380A00881F4B /* Release */ = {
			isa = XCBuildConfiguration;
			buildSettings = {
				ALWAYS_EMBED_SWIFT_STANDARD_LIBRARIES = YES;
				DEVELOPMENT_TEAM = D9L6JVDPWS;
				INFOPLIST_FILE = "Apple AppUITests/Info.plist";
				LD_RUNPATH_SEARCH_PATHS = "$(inherited) @executable_path/Frameworks @loader_path/Frameworks";
				PRODUCT_BUNDLE_IDENTIFIER = "xuanbac.Apple-AppUITests";
				PRODUCT_NAME = "$(TARGET_NAME)";
				SWIFT_VERSION = 3.0;
				TEST_TARGET_NAME = "Apple App";
			};
			name = Release;
		};
/* End XCBuildConfiguration section */

/* Begin XCConfigurationList section */
		91628CF21EA7380A00881F4B /* Build configuration list for PBXProject "Apple App" */ = {
			isa = XCConfigurationList;
			buildConfigurations = (
				91628D1D1EA7380A00881F4B /* Debug */,
				91628D1E1EA7380A00881F4B /* Release */,
			);
			defaultConfigurationIsVisible = 0;
			defaultConfigurationName = Release;
		};
		91628D1F1EA7380A00881F4B /* Build configuration list for PBXNativeTarget "Apple App" */ = {
			isa = XCConfigurationList;
			buildConfigurations = (
				91628D201EA7380A00881F4B /* Debug */,
				91628D211EA7380A00881F4B /* Release */,
			);
			defaultConfigurationIsVisible = 0;
		};
		91628D221EA7380A00881F4B /* Build configuration list for PBXNativeTarget "Apple AppTests" */ = {
			isa = XCConfigurationList;
			buildConfigurations = (
				91628D231EA7380A00881F4B /* Debug */,
				91628D241EA7380A00881F4B /* Release */,
			);
			defaultConfigurationIsVisible = 0;
		};
		91628D251EA7380A00881F4B /* Build configuration list for PBXNativeTarget "Apple AppUITests" */ = {
			isa = XCConfigurationList;
			buildConfigurations = (
				91628D261EA7380A00881F4B /* Debug */,
				91628D271EA7380A00881F4B /* Release */,
			);
			defaultConfigurationIsVisible = 0;
		};
/* End XCConfigurationList section */
	};
	rootObject = 91628CEF1EA7380A00881F4B /* Project object */;
}
